
Microsoft Visual Studio Solution File, Format Version 12.00
# Visual Studio Version 17
VisualStudioVersion = 17.6.33815.320
MinimumVisualStudioVersion = 10.0.40219.1
Project("{FAE04EC0-301F-11D3-BF4B-00C04F79EFBC}") = "UserSolution", "UserSolution\UserSolution.csproj", "{7A9B247A-2496-46D7-8C65-492044EB0A3C}"
EndProject
Global
	GlobalSection(SolutionConfigurationPlatforms) = preSolution
		Debug|Any CPU = Debug|Any CPU
		Release|Any CPU = Release|Any CPU
	EndGlobalSection
	GlobalSection(ProjectConfigurationPlatforms) = postSolution
		{7A9B247A-2496-46D7-8C65-492044EB0A3C}.Debug|Any CPU.ActiveCfg = Debug|Any CPU
		{7A9B247A-2496-46D7-8C65-492044EB0A3C}.Debug|Any CPU.Build.0 = Debug|Any CPU
		{7A9B247A-2496-46D7-8C65-492044EB0A3C}.Release|Any CPU.ActiveCfg = Release|Any CPU
		{7A9B247A-2496-46D7-8C65-492044EB0A3C}.Release|Any CPU.Build.0 = Release|Any CPU
	EndGlobalSection
	GlobalSection(SolutionProperties) = preSolution
		HideSolutionNode = FALSE
	EndGlobalSection
	GlobalSection(ExtensibilityGlobals) = postSolution
		SolutionGuid = {61E39965-DAC8-4701-8A25-0BFE9B5055F9}
	EndGlobalSection
EndGlobal
